
Microsoft Visual Studio Solution File, Format Version 12.00
# Visual Studio Version 16
VisualStudioVersion = 16.0.29306.81
MinimumVisualStudioVersion = 10.0.40219.1
Project("{FAE04EC0-301F-11D3-BF4B-00C04F79EFBC}") = "n01274803_BonusAssignment", "n01274803_BonusAssignment\n01274803_BonusAssignment.csproj", "{BC1288DB-245D-4AF0-AAED-6E0D7D0B09FF}"
EndProject
Global
	GlobalSection(SolutionConfigurationPlatforms) = preSolution
		Debug|Any CPU = Debug|Any CPU
		Release|Any CPU = Release|Any CPU
	EndGlobalSection
	GlobalSection(ProjectConfigurationPlatforms) = postSolution
		{BC1288DB-245D-4AF0-AAED-6E0D7D0B09FF}.Debug|Any CPU.ActiveCfg = Debug|Any CPU
		{BC1288DB-245D-4AF0-AAED-6E0D7D0B09FF}.Debug|Any CPU.Build.0 = Debug|Any CPU
		{BC1288DB-245D-4AF0-AAED-6E0D7D0B09FF}.Release|Any CPU.ActiveCfg = Release|Any CPU
		{BC1288DB-245D-4AF0-AAED-6E0D7D0B09FF}.Release|Any CPU.Build.0 = Release|Any CPU
	EndGlobalSection
	GlobalSection(SolutionProperties) = preSolution
		HideSolutionNode = FALSE
	EndGlobalSection
	GlobalSection(ExtensibilityGlobals) = postSolution
		SolutionGuid = {69F5B52F-9B46-4125-895E-4FC0C07FB214}
	EndGlobalSection
EndGlobal
